
Microsoft Visual Studio Solution File, Format Version 12.00
# Visual Studio 14
VisualStudioVersion = 14.0.25420.1
MinimumVisualStudioVersion = 10.0.40219.1
Project("{FAE04EC0-301F-11D3-BF4B-00C04F79EFBC}") = "DotNetCraft.Common.BuildAll", "src\DotNetCraft.Common.BuildAll\DotNetCraft.Common.BuildAll.csproj", "{2ABA4234-5911-4A41-BCFB-F60C70B70A15}"
EndProject
Project("{2150E333-8FDC-42A3-9474-1A3956D46DE8}") = "Core", "Core", "{992E4A18-CCEB-4D23-9329-F0C2B5B38D05}"
EndProject
Project("{2150E333-8FDC-42A3-9474-1A3956D46DE8}") = "Implementation", "Implementation", "{9B74ABAB-0FE6-45E7-B843-F872B1BCDF00}"
EndProject
Project("{2150E333-8FDC-42A3-9474-1A3956D46DE8}") = "Utils", "Utils", "{B90D70A0-5F64-406B-BCF0-4065F2B5DCC1}"
EndProject
Project("{FAE04EC0-301F-11D3-BF4B-00C04F79EFBC}") = "DotNetCraft.Common.Core", "src\Core\DotNetCraft.Common.Core\DotNetCraft.Common.Core.csproj", "{784430D4-9160-4CE8-9AED-04C07A8878E1}"
EndProject
Project("{FAE04EC0-301F-11D3-BF4B-00C04F79EFBC}") = "DotNetCraft.Common.Core.Domain", "src\Core\DotNetCraft.Common.Core.Domain\DotNetCraft.Common.Core.Domain.csproj", "{8ED0D131-647C-47C6-8DFD-5C7F40AC1397}"
EndProject
Project("{FAE04EC0-301F-11D3-BF4B-00C04F79EFBC}") = "DotNetCraft.Common.Core.Utils", "src\Core\DotNetCraft.Common.Core.Utils\DotNetCraft.Common.Core.Utils.csproj", "{CB52AB07-D66A-4953-A4E4-47BB608B09FE}"
EndProject
Project("{FAE04EC0-301F-11D3-BF4B-00C04F79EFBC}") = "DotNetCraft.Common.DataAccessLayer", "src\Implementation\DotNetCraft.Common.DataAccessLayer\DotNetCraft.Common.DataAccessLayer.csproj", "{81476D69-0BF6-4F24-A936-0334B8025B09}"
EndProject
Project("{FAE04EC0-301F-11D3-BF4B-00C04F79EFBC}") = "DotNetCraft.Common.Domain", "src\Implementation\DotNetCraft.Common.Domain\DotNetCraft.Common.Domain.csproj", "{866D3623-F34A-49F4-998B-D420589C08B2}"
EndProject
Project("{FAE04EC0-301F-11D3-BF4B-00C04F79EFBC}") = "DotNetCraft.Common.NLogger", "src\Utils\DotNetCraft.Common.NLogger\DotNetCraft.Common.NLogger.csproj", "{D1946366-BF4B-435E-9BEC-3941A48E1E29}"
EndProject
Project("{2150E333-8FDC-42A3-9474-1A3956D46DE8}") = ".nuget", ".nuget", "{CFE1D58B-BC02-4A21-90C1-677EFEF7C4C6}"
	ProjectSection(SolutionItems) = preProject
		.nuget\DotNetCraft.Common.NLogger.nuspec = .nuget\DotNetCraft.Common.NLogger.nuspec
		.nuget\DotNetCraft.Common.nuspec = .nuget\DotNetCraft.Common.nuspec
		NuGet.Config = NuGet.Config
	EndProjectSection
EndProject
Project("{2150E333-8FDC-42A3-9474-1A3956D46DE8}") = "Tests", "Tests", "{C2EB6219-FE71-406B-B815-B7B5AAF71AEE}"
EndProject
Project("{FAE04EC0-301F-11D3-BF4B-00C04F79EFBC}") = "DataAccessLayer.Tests", "Tests\DataAccessLayer.Tests\DataAccessLayer.Tests.csproj", "{03CDE7EE-4F98-4F18-B612-8B351F6B158F}"
EndProject
Project("{FAE04EC0-301F-11D3-BF4B-00C04F79EFBC}") = "DotNetCraft.Common.Utils", "src\Implementation\DotNetCraft.Common.Utils\DotNetCraft.Common.Utils.csproj", "{626E50A3-37C3-41CC-B08C-38410615E45C}"
EndProject
Project("{FAE04EC0-301F-11D3-BF4B-00C04F79EFBC}") = "Utils.Tests", "Tests\Utils.Tests\Utils.Tests.csproj", "{EE9664BD-059E-4377-B720-5B246E50F8FC}"
EndProject
Global
	GlobalSection(SolutionConfigurationPlatforms) = preSolution
		Debug|Any CPU = Debug|Any CPU
		Release|Any CPU = Release|Any CPU
	EndGlobalSection
	GlobalSection(ProjectConfigurationPlatforms) = postSolution
		{2ABA4234-5911-4A41-BCFB-F60C70B70A15}.Debug|Any CPU.ActiveCfg = Debug|Any CPU
		{2ABA4234-5911-4A41-BCFB-F60C70B70A15}.Debug|Any CPU.Build.0 = Debug|Any CPU
		{2ABA4234-5911-4A41-BCFB-F60C70B70A15}.Release|Any CPU.ActiveCfg = Release|Any CPU
		{2ABA4234-5911-4A41-BCFB-F60C70B70A15}.Release|Any CPU.Build.0 = Release|Any CPU
		{784430D4-9160-4CE8-9AED-04C07A8878E1}.Debug|Any CPU.ActiveCfg = Debug|Any CPU
		{784430D4-9160-4CE8-9AED-04C07A8878E1}.Debug|Any CPU.Build.0 = Debug|Any CPU
		{784430D4-9160-4CE8-9AED-04C07A8878E1}.Release|Any CPU.ActiveCfg = Release|Any CPU
		{784430D4-9160-4CE8-9AED-04C07A8878E1}.Release|Any CPU.Build.0 = Release|Any CPU
		{8ED0D131-647C-47C6-8DFD-5C7F40AC1397}.Debug|Any CPU.ActiveCfg = Debug|Any CPU
		{8ED0D131-647C-47C6-8DFD-5C7F40AC1397}.Debug|Any CPU.Build.0 = Debug|Any CPU
		{8ED0D131-647C-47C6-8DFD-5C7F40AC1397}.Release|Any CPU.ActiveCfg = Release|Any CPU
		{8ED0D131-647C-47C6-8DFD-5C7F40AC1397}.Release|Any CPU.Build.0 = Release|Any CPU
		{CB52AB07-D66A-4953-A4E4-47BB608B09FE}.Debug|Any CPU.ActiveCfg = Debug|Any CPU
		{CB52AB07-D66A-4953-A4E4-47BB608B09FE}.Debug|Any CPU.Build.0 = Debug|Any CPU
		{CB52AB07-D66A-4953-A4E4-47BB608B09FE}.Release|Any CPU.ActiveCfg = Release|Any CPU
		{CB52AB07-D66A-4953-A4E4-47BB608B09FE}.Release|Any CPU.Build.0 = Release|Any CPU
		{81476D69-0BF6-4F24-A936-0334B8025B09}.Debug|Any CPU.ActiveCfg = Debug|Any CPU
		{81476D69-0BF6-4F24-A936-0334B8025B09}.Debug|Any CPU.Build.0 = Debug|Any CPU
		{81476D69-0BF6-4F24-A936-0334B8025B09}.Release|Any CPU.ActiveCfg = Release|Any CPU
		{81476D69-0BF6-4F24-A936-0334B8025B09}.Release|Any CPU.Build.0 = Release|Any CPU
		{866D3623-F34A-49F4-998B-D420589C08B2}.Debug|Any CPU.ActiveCfg = Debug|Any CPU
		{866D3623-F34A-49F4-998B-D420589C08B2}.Debug|Any CPU.Build.0 = Debug|Any CPU
		{866D3623-F34A-49F4-998B-D420589C08B2}.Release|Any CPU.ActiveCfg = Release|Any CPU
		{866D3623-F34A-49F4-998B-D420589C08B2}.Release|Any CPU.Build.0 = Release|Any CPU
		{D1946366-BF4B-435E-9BEC-3941A48E1E29}.Debug|Any CPU.ActiveCfg = Debug|Any CPU
		{D1946366-BF4B-435E-9BEC-3941A48E1E29}.Debug|Any CPU.Build.0 = Debug|Any CPU
		{D1946366-BF4B-435E-9BEC-3941A48E1E29}.Release|Any CPU.ActiveCfg = Release|Any CPU
		{D1946366-BF4B-435E-9BEC-3941A48E1E29}.Release|Any CPU.Build.0 = Release|Any CPU
		{03CDE7EE-4F98-4F18-B612-8B351F6B158F}.Debug|Any CPU.ActiveCfg = Debug|Any CPU
		{03CDE7EE-4F98-4F18-B612-8B351F6B158F}.Debug|Any CPU.Build.0 = Debug|Any CPU
		{03CDE7EE-4F98-4F18-B612-8B351F6B158F}.Release|Any CPU.ActiveCfg = Release|Any CPU
		{03CDE7EE-4F98-4F18-B612-8B351F6B158F}.Release|Any CPU.Build.0 = Release|Any CPU
		{626E50A3-37C3-41CC-B08C-38410615E45C}.Debug|Any CPU.ActiveCfg = Debug|Any CPU
		{626E50A3-37C3-41CC-B08C-38410615E45C}.Debug|Any CPU.Build.0 = Debug|Any CPU
		{626E50A3-37C3-41CC-B08C-38410615E45C}.Release|Any CPU.ActiveCfg = Release|Any CPU
		{626E50A3-37C3-41CC-B08C-38410615E45C}.Release|Any CPU.Build.0 = Release|Any CPU
		{EE9664BD-059E-4377-B720-5B246E50F8FC}.Debug|Any CPU.ActiveCfg = Debug|Any CPU
		{EE9664BD-059E-4377-B720-5B246E50F8FC}.Debug|Any CPU.Build.0 = Debug|Any CPU
		{EE9664BD-059E-4377-B720-5B246E50F8FC}.Release|Any CPU.ActiveCfg = Release|Any CPU
		{EE9664BD-059E-4377-B720-5B246E50F8FC}.Release|Any CPU.Build.0 = Release|Any CPU
	EndGlobalSection
	GlobalSection(SolutionProperties) = preSolution
		HideSolutionNode = FALSE
	EndGlobalSection
	GlobalSection(NestedProjects) = preSolution
		{784430D4-9160-4CE8-9AED-04C07A8878E1} = {992E4A18-CCEB-4D23-9329-F0C2B5B38D05}
		{8ED0D131-647C-47C6-8DFD-5C7F40AC1397} = {992E4A18-CCEB-4D23-9329-F0C2B5B38D05}
		{CB52AB07-D66A-4953-A4E4-47BB608B09FE} = {992E4A18-CCEB-4D23-9329-F0C2B5B38D05}
		{81476D69-0BF6-4F24-A936-0334B8025B09} = {9B74ABAB-0FE6-45E7-B843-F872B1BCDF00}
		{866D3623-F34A-49F4-998B-D420589C08B2} = {9B74ABAB-0FE6-45E7-B843-F872B1BCDF00}
		{D1946366-BF4B-435E-9BEC-3941A48E1E29} = {B90D70A0-5F64-406B-BCF0-4065F2B5DCC1}
		{03CDE7EE-4F98-4F18-B612-8B351F6B158F} = {C2EB6219-FE71-406B-B815-B7B5AAF71AEE}
		{626E50A3-37C3-41CC-B08C-38410615E45C} = {9B74ABAB-0FE6-45E7-B843-F872B1BCDF00}
		{EE9664BD-059E-4377-B720-5B246E50F8FC} = {C2EB6219-FE71-406B-B815-B7B5AAF71AEE}
	EndGlobalSection
EndGlobal
